{
  "name": "public",
  "lockfileVersion": 2,
  "requires": true,
  "packages": {
    "": {
      "dependencies": {
        "css-normalize": "^0.0.1"
      }
    },
    "node_modules/css-normalize": {
      "version": "0.0.1",
      "resolved": "https://registry.npmjs.org/css-normalize/-/css-normalize-0.0.1.tgz",
      "integrity": "sha512-ebKZuzobb4XmcNnK9EV/iAzcVYQvhGdZX2NrnbmIe/1X0BYk2aUqv5cbsTMlxRc7ecpaP6e+nO3+fKKI7dbdZw=="
    }
  },
  "dependencies": {
    "css-normalize": {
      "version": "0.0.1",
      "resolved": "https://registry.npmjs.org/css-normalize/-/css-normalize-0.0.1.tgz",
      "integrity": "sha512-ebKZuzobb4XmcNnK9EV/iAzcVYQvhGdZX2NrnbmIe/1X0BYk2aUqv5cbsTMlxRc7ecpaP6e+nO3+fKKI7dbdZw=="
    }
  }
}
